
Microsoft Visual Studio Solution File, Format Version 12.00
# Visual Studio Version 17
VisualStudioVersion = 17.9.34723.18
MinimumVisualStudioVersion = 10.0.40219.1
Project("{9A19103F-16F7-4668-BE54-9A1E7A4F7556}") = "OAuth2", "OAuth2.csproj", "{F480AC86-8132-4107-9E67-4CB0A79E2C9A}"
EndProject
Project("{9A19103F-16F7-4668-BE54-9A1E7A4F7556}") = "MoviesAPI", "..\MoviesAPI\MoviesAPI.csproj", "{0D02ADA7-33A4-44C8-822D-C41FCCD8620D}"
EndProject
Project("{FAE04EC0-301F-11D3-BF4B-00C04F79EFBC}") = "MoviesInfra", "..\MoviesInfra\MoviesInfra.csproj", "{A884C81E-0E08-4FD6-86D3-BA6497EE7FB7}"
EndProject
Project("{FAE04EC0-301F-11D3-BF4B-00C04F79EFBC}") = "MoviesDomain", "..\MoviesDomain\MoviesDomain.csproj", "{54EF8F0D-6EE4-4BF1-8F9E-85FB768C34AF}"
EndProject
Project("{FAE04EC0-301F-11D3-BF4B-00C04F79EFBC}") = "MoviesBusinessLogic", "..\MoviesBusinessLogic\MoviesBusinessLogic.csproj", "{298BBED3-AA58-4043-9CB1-5A0EAD450A3D}"
EndProject
Global
	GlobalSection(SolutionConfigurationPlatforms) = preSolution
		Debug|Any CPU = Debug|Any CPU
		Release|Any CPU = Release|Any CPU
	EndGlobalSection
	GlobalSection(ProjectConfigurationPlatforms) = postSolution
		{F480AC86-8132-4107-9E67-4CB0A79E2C9A}.Debug|Any CPU.ActiveCfg = Debug|Any CPU
		{F480AC86-8132-4107-9E67-4CB0A79E2C9A}.Debug|Any CPU.Build.0 = Debug|Any CPU
		{F480AC86-8132-4107-9E67-4CB0A79E2C9A}.Release|Any CPU.ActiveCfg = Release|Any CPU
		{F480AC86-8132-4107-9E67-4CB0A79E2C9A}.Release|Any CPU.Build.0 = Release|Any CPU
		{0D02ADA7-33A4-44C8-822D-C41FCCD8620D}.Debug|Any CPU.ActiveCfg = Debug|Any CPU
		{0D02ADA7-33A4-44C8-822D-C41FCCD8620D}.Debug|Any CPU.Build.0 = Debug|Any CPU
		{0D02ADA7-33A4-44C8-822D-C41FCCD8620D}.Release|Any CPU.ActiveCfg = Release|Any CPU
		{0D02ADA7-33A4-44C8-822D-C41FCCD8620D}.Release|Any CPU.Build.0 = Release|Any CPU
		{A884C81E-0E08-4FD6-86D3-BA6497EE7FB7}.Debug|Any CPU.ActiveCfg = Debug|Any CPU
		{A884C81E-0E08-4FD6-86D3-BA6497EE7FB7}.Debug|Any CPU.Build.0 = Debug|Any CPU
		{A884C81E-0E08-4FD6-86D3-BA6497EE7FB7}.Release|Any CPU.ActiveCfg = Release|Any CPU
		{A884C81E-0E08-4FD6-86D3-BA6497EE7FB7}.Release|Any CPU.Build.0 = Release|Any CPU
		{54EF8F0D-6EE4-4BF1-8F9E-85FB768C34AF}.Debug|Any CPU.ActiveCfg = Debug|Any CPU
		{54EF8F0D-6EE4-4BF1-8F9E-85FB768C34AF}.Debug|Any CPU.Build.0 = Debug|Any CPU
		{54EF8F0D-6EE4-4BF1-8F9E-85FB768C34AF}.Release|Any CPU.ActiveCfg = Release|Any CPU
		{54EF8F0D-6EE4-4BF1-8F9E-85FB768C34AF}.Release|Any CPU.Build.0 = Release|Any CPU
		{298BBED3-AA58-4043-9CB1-5A0EAD450A3D}.Debug|Any CPU.ActiveCfg = Debug|Any CPU
		{298BBED3-AA58-4043-9CB1-5A0EAD450A3D}.Debug|Any CPU.Build.0 = Debug|Any CPU
		{298BBED3-AA58-4043-9CB1-5A0EAD450A3D}.Release|Any CPU.ActiveCfg = Release|Any CPU
		{298BBED3-AA58-4043-9CB1-5A0EAD450A3D}.Release|Any CPU.Build.0 = Release|Any CPU
	EndGlobalSection
	GlobalSection(SolutionProperties) = preSolution
		HideSolutionNode = FALSE
	EndGlobalSection
	GlobalSection(ExtensibilityGlobals) = postSolution
		SolutionGuid = {4F67813E-8F31-4250-A66D-86A7B9EDE594}
	EndGlobalSection
EndGlobal
